// !$*UTF8*$!
{
	archiveVersion = 1;
	classes = {
	};
	objectVersion = 56;
	objects = {

/* Begin PBXBuildFile section */
		EC5160792A7988F200001E37 /* AppDelegate.swift in Sources */ = {isa = PBXBuildFile; fileRef = EC5160782A7988F200001E37 /* AppDelegate.swift */; };
		EC51607B2A7988F200001E37 /* SceneDelegate.swift in Sources */ = {isa = PBXBuildFile; fileRef = EC51607A2A7988F200001E37 /* SceneDelegate.swift */; };
		EC51607D2A7988F200001E37 /* ViewController.swift in Sources */ = {isa = PBXBuildFile; fileRef = EC51607C2A7988F200001E37 /* ViewController.swift */; };
		EC5160802A7988F200001E37 /* Main.storyboard in Resources */ = {isa = PBXBuildFile; fileRef = EC51607E2A7988F200001E37 /* Main.storyboard */; };
		EC5160832A7988F200001E37 /* AlisverisListesi.xcdatamodeld in Sources */ = {isa = PBXBuildFile; fileRef = EC5160812A7988F200001E37 /* AlisverisListesi.xcdatamodeld */; };
		EC5160852A7988F200001E37 /* Assets.xcassets in Resources */ = {isa = PBXBuildFile; fileRef = EC5160842A7988F200001E37 /* Assets.xcassets */; };
		EC5160882A7988F200001E37 /* LaunchScreen.storyboard in Resources */ = {isa = PBXBuildFile; fileRef = EC5160862A7988F200001E37 /* LaunchScreen.storyboard */; };
		EC5160902A798A0E00001E37 /* DetailsViewController.swift in Sources */ = {isa = PBXBuildFile; fileRef = EC51608F2A798A0E00001E37 /* DetailsViewController.swift */; };
/* End PBXBuildFile section */

/* Begin PBXFileReference section */
		EC5160752A7988F200001E37 /* AlisverisListesi.app */ = {isa = PBXFileReference; explicitFileType = wrapper.application; includeInIndex = 0; path = AlisverisListesi.app; sourceTree = BUILT_PRODUCTS_DIR; };
		EC5160782A7988F200001E37 /* AppDelegate.swift */ = {isa = PBXFileReference; lastKnownFileType = sourcecode.swift; path = AppDelegate.swift; sourceTree = "<group>"; };
		EC51607A2A7988F200001E37 /* SceneDelegate.swift */ = {isa = PBXFileReference; lastKnownFileType = sourcecode.swift; path = SceneDelegate.swift; sourceTree = "<group>"; };
		EC51607C2A7988F200001E37 /* ViewController.swift */ = {isa = PBXFileReference; lastKnownFileType = sourcecode.swift; path = ViewController.swift; sourceTree = "<group>"; };
		EC51607F2A7988F200001E37 /* Base */ = {isa = PBXFileReference; lastKnownFileType = file.storyboard; name = Base; path = Base.lproj/Main.storyboard; sourceTree = "<group>"; };
		EC5160822A7988F200001E37 /* AlisverisListesi.xcdatamodel */ = {isa = PBXFileReference; lastKnownFileType = wrapper.xcdatamodel; path = AlisverisListesi.xcdatamodel; sourceTree = "<group>"; };
		EC5160842A7988F200001E37 /* Assets.xcassets */ = {isa = PBXFileReference; lastKnownFileType = folder.assetcatalog; path = Assets.xcassets; sourceTree = "<group>"; };
		EC5160872A7988F200001E37 /* Base */ = {isa = PBXFileReference; lastKnownFileType = file.storyboard; name = Base; path = Base.lproj/LaunchScreen.storyboard; sourceTree = "<group>"; };
		EC5160892A7988F200001E37 /* Info.plist */ = {isa = PBXFileReference; lastKnownFileType = text.plist.xml; path = Info.plist; sourceTree = "<group>"; };
		EC51608F2A798A0E00001E37 /* DetailsViewController.swift */ = {isa = PBXFileReference; lastKnownFileType = sourcecode.swift; path = DetailsViewController.swift; sourceTree = "<group>"; };
/* End PBXFileReference section */

/* Begin PBXFrameworksBuildPhase section */
		EC5160722A7988F200001E37 /* Frameworks */ = {
			isa = PBXFrameworksBuildPhase;
			buildActionMask = 2147483647;
			files = (
			);
			runOnlyForDeploymentPostprocessing = 0;
		};
/* End PBXFrameworksBuildPhase section */

/* Begin PBXGroup section */
		EC51606C2A7988F200001E37 = {
			isa = PBXGroup;
			children = (
				EC5160772A7988F200001E37 /* AlisverisListesi */,
				EC5160762A7988F200001E37 /* Products */,
			);
			sourceTree = "<group>";
		};
		EC5160762A7988F200001E37 /* Products */ = {
			isa = PBXGroup;
			children = (
				EC5160752A7988F200001E37 /* AlisverisListesi.app */,
			);
			name = Products;
			sourceTree = "<group>";
		};
		EC5160772A7988F200001E37 /* AlisverisListesi */ = {
			isa = PBXGroup;
			children = (
				EC5160782A7988F200001E37 /* AppDelegate.swift */,
				EC51607A2A7988F200001E37 /* SceneDelegate.swift */,
				EC51607C2A7988F200001E37 /* ViewController.swift */,
				EC51608F2A798A0E00001E37 /* DetailsViewController.swift */,
				EC51607E2A7988F200001E37 /* Main.storyboard */,
				EC5160842A7988F200001E37 /* Assets.xcassets */,
				EC5160862A7988F200001E37 /* LaunchScreen.storyboard */,
				EC5160892A7988F200001E37 /* Info.plist */,
				EC5160812A7988F200001E37 /* AlisverisListesi.xcdatamodeld */,
			);
			path = AlisverisListesi;
			sourceTree = "<group>";
		};
/* End PBXGroup section */

/* Begin PBXNativeTarget section */
		EC5160742A7988F200001E37 /* AlisverisListesi */ = {
			isa = PBXNativeTarget;
			buildConfigurationList = EC51608C2A7988F200001E37 /* Build configuration list for PBXNativeTarget "AlisverisListesi" */;
			buildPhases = (
				EC5160712A7988F200001E37 /* Sources */,
				EC5160722A7988F200001E37 /* Frameworks */,
				EC5160732A7988F200001E37 /* Resources */,
			);
			buildRules = (
			);
			dependencies = (
			);
			name = AlisverisListesi;
			productName = AlisverisListesi;
			productReference = EC5160752A7988F200001E37 /* AlisverisListesi.app */;
			productType = "com.apple.product-type.application";
		};
/* End PBXNativeTarget section */

/* Begin PBXProject section */
		EC51606D2A7988F200001E37 /* Project object */ = {
			isa = PBXProject;
			attributes = {
				BuildIndependentTargetsInParallel = 1;
				LastSwiftUpdateCheck = 1430;
				LastUpgradeCheck = 1430;
				TargetAttributes = {
					EC5160742A7988F200001E37 = {
						CreatedOnToolsVersion = 14.3.1;
					};
				};
			};
			buildConfigurationList = EC5160702A7988F200001E37 /* Build configuration list for PBXProject "AlisverisListesi" */;
			compatibilityVersion = "Xcode 14.0";
			developmentRegion = en;
			hasScannedForEncodings = 0;
			knownRegions = (
				en,
				Base,
			);
			mainGroup = EC51606C2A7988F200001E37;
			productRefGroup = EC5160762A7988F200001E37 /* Products */;
			projectDirPath = "";
			projectRoot = "";
			targets = (
				EC5160742A7988F200001E37 /* AlisverisListesi */,
			);
		};
/* End PBXProject section */

/* Begin PBXResourcesBuildPhase section */
		EC5160732A7988F200001E37 /* Resources */ = {
			isa = PBXResourcesBuildPhase;
			buildActionMask = 2147483647;
			files = (
				EC5160882A7988F200001E37 /* LaunchScreen.storyboard in Resources */,
				EC5160852A7988F200001E37 /* Assets.xcassets in Resources */,
				EC5160802A7988F200001E37 /* Main.storyboard in Resources */,
			);
			runOnlyForDeploymentPostprocessing = 0;
		};
/* End PBXResourcesBuildPhase section */

/* Begin PBXSourcesBuildPhase section */
		EC5160712A7988F200001E37 /* Sources */ = {
			isa = PBXSourcesBuildPhase;
			buildActionMask = 2147483647;
			files = (
				EC5160832A7988F200001E37 /* AlisverisListesi.xcdatamodeld in Sources */,
				EC51607D2A7988F200001E37 /* ViewController.swift in Sources */,
				EC5160792A7988F200001E37 /* AppDelegate.swift in Sources */,
				EC51607B2A7988F200001E37 /* SceneDelegate.swift in Sources */,
				EC5160902A798A0E00001E37 /* DetailsViewController.swift in Sources */,
			);
			runOnlyForDeploymentPostprocessing = 0;
		};
/* End PBXSourcesBuildPhase section */

/* Begin PBXVariantGroup section */
		EC51607E2A7988F200001E37 /* Main.storyboard */ = {
			isa = PBXVariantGroup;
			children = (
				EC51607F2A7988F200001E37 /* Base */,
			);
			name = Main.storyboard;
			sourceTree = "<group>";
		};
		EC5160862A7988F200001E37 /* LaunchScreen.storyboard */ = {
			isa = PBXVariantGroup;
			children = (
				EC5160872A7988F200001E37 /* Base */,
			);
			name = LaunchScreen.storyboard;
			sourceTree = "<group>";
		};
/* End PBXVariantGroup section */

/* Begin XCBuildConfiguration section */
		EC51608A2A7988F200001E37 /* Debug */ = {
			isa = XCBuildConfiguration;
			buildSettings = {
				ALWAYS_SEARCH_USER_PATHS = NO;
				CLANG_ANALYZER_NONNULL = YES;
				CLANG_ANALYZER_NUMBER_OBJECT_CONVERSION = YES_AGGRESSIVE;
				CLANG_CXX_LANGUAGE_STANDARD = "gnu++20";
				CLANG_ENABLE_MODULES = YES;
				CLANG_ENABLE_OBJC_ARC = YES;
				CLANG_ENABLE_OBJC_WEAK = YES;
				CLANG_WARN_BLOCK_CAPTURE_AUTORELEASING = YES;
				CLANG_WARN_BOOL_CONVERSION = YES;
				CLANG_WARN_COMMA = YES;
				CLANG_WARN_CONSTANT_CONVERSION = YES;
				CLANG_WARN_DEPRECATED_OBJC_IMPLEMENTATIONS = YES;
				CLANG_WARN_DIRECT_OBJC_ISA_USAGE = YES_ERROR;
				CLANG_WARN_DOCUMENTATION_COMMENTS = YES;
				CLANG_WARN_EMPTY_BODY = YES;
				CLANG_WARN_ENUM_CONVERSION = YES;
				CLANG_WARN_INFINITE_RECURSION = YES;
				CLANG_WARN_INT_CONVERSION = YES;
				CLANG_WARN_NON_LITERAL_NULL_CONVERSION = YES;
				CLANG_WARN_OBJC_IMPLICIT_RETAIN_SELF = YES;
				CLANG_WARN_OBJC_LITERAL_CONVERSION = YES;
				CLANG_WARN_OBJC_ROOT_CLASS = YES_ERROR;
				CLANG_WARN_QUOTED_INCLUDE_IN_FRAMEWORK_HEADER = YES;
				CLANG_WARN_RANGE_LOOP_ANALYSIS = YES;
				CLANG_WARN_STRICT_PROTOTYPES = YES;
				CLANG_WARN_SUSPICIOUS_MOVE = YES;
				CLANG_WARN_UNGUARDED_AVAILABILITY = YES_AGGRESSIVE;
				CLANG_WARN_UNREACHABLE_CODE = YES;
				CLANG_WARN__DUPLICATE_METHOD_MATCH = YES;
				COPY_PHASE_STRIP = NO;
				DEBUG_INFORMATION_FORMAT = dwarf;
				ENABLE_STRICT_OBJC_MSGSEND = YES;
				ENABLE_TESTABILITY = YES;
				GCC_C_LANGUAGE_STANDARD = gnu11;
				GCC_DYNAMIC_NO_PIC = NO;
				GCC_NO_COMMON_BLOCKS = YES;
				GCC_OPTIMIZATION_LEVEL = 0;
				GCC_PREPROCESSOR_DEFINITIONS = (
					"DEBUG=1",
					"$(inherited)",
				);
				GCC_WARN_64_TO_32_BIT_CONVERSION = YES;
				GCC_WARN_ABOUT_RETURN_TYPE = YES_ERROR;
				GCC_WARN_UNDECLARED_SELECTOR = YES;
				GCC_WARN_UNINITIALIZED_AUTOS = YES_AGGRESSIVE;
				GCC_WARN_UNUSED_FUNCTION = YES;
				GCC_WARN_UNUSED_VARIABLE = YES;
				IPHONEOS_DEPLOYMENT_TARGET = 16.4;
				MTL_ENABLE_DEBUG_INFO = INCLUDE_SOURCE;
				MTL_FAST_MATH = YES;
				ONLY_ACTIVE_ARCH = YES;
				SDKROOT = iphoneos;
				SWIFT_ACTIVE_COMPILATION_CONDITIONS = DEBUG;
				SWIFT_OPTIMIZATION_LEVEL = "-Onone";
			};
			name = Debug;
		};
		EC51608B2A7988F200001E37 /* Release */ = {
			isa = XCBuildConfiguration;
			buildSettings = {
				ALWAYS_SEARCH_USER_PATHS = NO;
				CLANG_ANALYZER_NONNULL = YES;
				CLANG_ANALYZER_NUMBER_OBJECT_CONVERSION = YES_AGGRESSIVE;
				CLANG_CXX_LANGUAGE_STANDARD = "gnu++20";
				CLANG_ENABLE_MODULES = YES;
				CLANG_ENABLE_OBJC_ARC = YES;
				CLANG_ENABLE_OBJC_WEAK = YES;
				CLANG_WARN_BLOCK_CAPTURE_AUTORELEASING = YES;
				CLANG_WARN_BOOL_CONVERSION = YES;
				CLANG_WARN_COMMA = YES;
				CLANG_WARN_CONSTANT_CONVERSION = YES;
				CLANG_WARN_DEPRECATED_OBJC_IMPLEMENTATIONS = YES;
				CLANG_WARN_DIRECT_OBJC_ISA_USAGE = YES_ERROR;
				CLANG_WARN_DOCUMENTATION_COMMENTS = YES;
				CLANG_WARN_EMPTY_BODY = YES;
				CLANG_WARN_ENUM_CONVERSION = YES;
				CLANG_WARN_INFINITE_RECURSION = YES;
				CLANG_WARN_INT_CONVERSION = YES;
				CLANG_WARN_NON_LITERAL_NULL_CONVERSION = YES;
				CLANG_WARN_OBJC_IMPLICIT_RETAIN_SELF = YES;
				CLANG_WARN_OBJC_LITERAL_CONVERSION = YES;
				CLANG_WARN_OBJC_ROOT_CLASS = YES_ERROR;
				CLANG_WARN_QUOTED_INCLUDE_IN_FRAMEWORK_HEADER = YES;
				CLANG_WARN_RANGE_LOOP_ANALYSIS = YES;
				CLANG_WARN_STRICT_PROTOTYPES = YES;
				CLANG_WARN_SUSPICIOUS_MOVE = YES;
				CLANG_WARN_UNGUARDED_AVAILABILITY = YES_AGGRESSIVE;
				CLANG_WARN_UNREACHABLE_CODE = YES;
				CLANG_WARN__DUPLICATE_METHOD_MATCH = YES;
				COPY_PHASE_STRIP = NO;
				DEBUG_INFORMATION_FORMAT = "dwarf-with-dsym";
				ENABLE_NS_ASSERTIONS = NO;
				ENABLE_STRICT_OBJC_MSGSEND = YES;
				GCC_C_LANGUAGE_STANDARD = gnu11;
				GCC_NO_COMMON_BLOCKS = YES;
				GCC_WARN_64_TO_32_BIT_CONVERSION = YES;
				GCC_WARN_ABOUT_RETURN_TYPE = YES_ERROR;
				GCC_WARN_UNDECLARED_SELECTOR = YES;
				GCC_WARN_UNINITIALIZED_AUTOS = YES_AGGRESSIVE;
				GCC_WARN_UNUSED_FUNCTION = YES;
				GCC_WARN_UNUSED_VARIABLE = YES;
				IPHONEOS_DEPLOYMENT_TARGET = 16.4;
				MTL_ENABLE_DEBUG_INFO = NO;
				MTL_FAST_MATH = YES;
				SDKROOT = iphoneos;
				SWIFT_COMPILATION_MODE = wholemodule;
				SWIFT_OPTIMIZATION_LEVEL = "-O";
				VALIDATE_PRODUCT = YES;
			};
			name = Release;
		};
		EC51608D2A7988F200001E37 /* Debug */ = {
			isa = XCBuildConfiguration;
			buildSettings = {
				ASSETCATALOG_COMPILER_APPICON_NAME = AppIcon;
				ASSETCATALOG_COMPILER_GLOBAL_ACCENT_COLOR_NAME = AccentColor;
				CODE_SIGN_STYLE = Automatic;
				CURRENT_PROJECT_VERSION = 1;
				DEVELOPMENT_TEAM = 5Q9PX5VT7H;
				GENERATE_INFOPLIST_FILE = YES;
				INFOPLIST_FILE = AlisverisListesi/Info.plist;
				INFOPLIST_KEY_UIApplicationSupportsIndirectInputEvents = YES;
				INFOPLIST_KEY_UILaunchStoryboardName = LaunchScreen;
				INFOPLIST_KEY_UIMainStoryboardFile = Main;
				INFOPLIST_KEY_UISupportedInterfaceOrientations_iPad = "UIInterfaceOrientationPortrait UIInterfaceOrientationPortraitUpsideDown UIInterfaceOrientationLandscapeLeft UIInterfaceOrientationLandscapeRight";
				INFOPLIST_KEY_UISupportedInterfaceOrientations_iPhone = "UIInterfaceOrientationPortrait UIInterfaceOrientationLandscapeLeft UIInterfaceOrientationLandscapeRight";
				LD_RUNPATH_SEARCH_PATHS = (
					"$(inherited)",
					"@executable_path/Frameworks",
				);
				MARKETING_VERSION = 1.0;
				PRODUCT_BUNDLE_IDENTIFIER = com.ykwiam.AlisverisListesi;
				PRODUCT_NAME = "$(TARGET_NAME)";
				SWIFT_EMIT_LOC_STRINGS = YES;
				SWIFT_VERSION = 5.0;
				TARGETED_DEVICE_FAMILY = "1,2";
			};
			name = Debug;
		};
		EC51608E2A7988F200001E37 /* Release */ = {
			isa = XCBuildConfiguration;
			buildSettings = {
				ASSETCATALOG_COMPILER_APPICON_NAME = AppIcon;
				ASSETCATALOG_COMPILER_GLOBAL_ACCENT_COLOR_NAME = AccentColor;
				CODE_SIGN_STYLE = Automatic;
				CURRENT_PROJECT_VERSION = 1;
				DEVELOPMENT_TEAM = 5Q9PX5VT7H;
				GENERATE_INFOPLIST_FILE = YES;
				INFOPLIST_FILE = AlisverisListesi/Info.plist;
				INFOPLIST_KEY_UIApplicationSupportsIndirectInputEvents = YES;
				INFOPLIST_KEY_UILaunchStoryboardName = LaunchScreen;
				INFOPLIST_KEY_UIMainStoryboardFile = Main;
				INFOPLIST_KEY_UISupportedInterfaceOrientations_iPad = "UIInterfaceOrientationPortrait UIInterfaceOrientationPortraitUpsideDown UIInterfaceOrientationLandscapeLeft UIInterfaceOrientationLandscapeRight";
				INFOPLIST_KEY_UISupportedInterfaceOrientations_iPhone = "UIInterfaceOrientationPortrait UIInterfaceOrientationLandscapeLeft UIInterfaceOrientationLandscapeRight";
				LD_RUNPATH_SEARCH_PATHS = (
					"$(inherited)",
					"@executable_path/Frameworks",
				);
				MARKETING_VERSION = 1.0;
				PRODUCT_BUNDLE_IDENTIFIER = com.ykwiam.AlisverisListesi;
				PRODUCT_NAME = "$(TARGET_NAME)";
				SWIFT_EMIT_LOC_STRINGS = YES;
				SWIFT_VERSION = 5.0;
				TARGETED_DEVICE_FAMILY = "1,2";
			};
			name = Release;
		};
/* End XCBuildConfiguration section */

/* Begin XCConfigurationList section */
		EC5160702A7988F200001E37 /* Build configuration list for PBXProject "AlisverisListesi" */ = {
			isa = XCConfigurationList;
			buildConfigurations = (
				EC51608A2A7988F200001E37 /* Debug */,
				EC51608B2A7988F200001E37 /* Release */,
			);
			defaultConfigurationIsVisible = 0;
			defaultConfigurationName = Release;
		};
		EC51608C2A7988F200001E37 /* Build configuration list for PBXNativeTarget "AlisverisListesi" */ = {
			isa = XCConfigurationList;
			buildConfigurations = (
				EC51608D2A7988F200001E37 /* Debug */,
				EC51608E2A7988F200001E37 /* Release */,
			);
			defaultConfigurationIsVisible = 0;
			defaultConfigurationName = Release;
		};
/* End XCConfigurationList section */

/* Begin XCVersionGroup section */
		EC5160812A7988F200001E37 /* AlisverisListesi.xcdatamodeld */ = {
			isa = XCVersionGroup;
			children = (
				EC5160822A7988F200001E37 /* AlisverisListesi.xcdatamodel */,
			);
			currentVersion = EC5160822A7988F200001E37 /* AlisverisListesi.xcdatamodel */;
			path = AlisverisListesi.xcdatamodeld;
			sourceTree = "<group>";
			versionGroupType = wrapper.xcdatamodel;
		};
/* End XCVersionGroup section */
	};
	rootObject = EC51606D2A7988F200001E37 /* Project object */;
}
